{
  "name": "@krutikovdi/ajs-1.0.0",
  "version": "1.0.0",
  "lockfileVersion": 3,
  "requires": true,
  "packages": {
    "": {
      "name": "@krutikovdi/ajs-1.0.0",
      "version": "1.0.0",
      "license": "ISC",
      "dependencies": {
        "@krutikovdi/ajs": "^1.0.0"
      }
    },
    "node_modules/@krutikovdi/ajs": {
      "version": "1.0.0",
      "resolved": "https://npm.pkg.github.com/download/@krutikovdi/ajs/1.0.0/990fd993a174f6c39ecc382d562b06735602d7ec",
      "integrity": "sha512-LgtYjyyWkh2tZ4+ADZNzeCARKmn2X3Hys8kWEM5+5M0Iev6OtydKR9ipQFPh6HXMlSeA9hywrV707YzFAObVyA==",
      "license": "ISC"
    }
  }
}
